
Microsoft Visual Studio Solution File, Format Version 12.00
# Visual Studio 2012
Project("{F184B08F-C81C-45F6-A57F-5ABD9991F28F}") = "SampleAutotaskAPIVB", "SampleAutotaskAPIVB\SampleAutotaskAPIVB.vbproj", "{1AA020CD-FAC8-4CA2-9B8D-73351B53EEA2}"
EndProject
Global
	GlobalSection(SolutionConfigurationPlatforms) = preSolution
		Debug|Any CPU = Debug|Any CPU
		Release|Any CPU = Release|Any CPU
	EndGlobalSection
	GlobalSection(ProjectConfigurationPlatforms) = postSolution
		{1AA020CD-FAC8-4CA2-9B8D-73351B53EEA2}.Debug|Any CPU.ActiveCfg = Debug|Any CPU
		{1AA020CD-FAC8-4CA2-9B8D-73351B53EEA2}.Debug|Any CPU.Build.0 = Debug|Any CPU
		{1AA020CD-FAC8-4CA2-9B8D-73351B53EEA2}.Release|Any CPU.ActiveCfg = Release|Any CPU
		{1AA020CD-FAC8-4CA2-9B8D-73351B53EEA2}.Release|Any CPU.Build.0 = Release|Any CPU
	EndGlobalSection
	GlobalSection(SolutionProperties) = preSolution
		HideSolutionNode = FALSE
	EndGlobalSection
EndGlobal
